<?xml version="1.0" encoding="utf-8"?>
<Project ToolsVersion="4.0" xmlns="http://schemas.microsoft.com/developer/msbuild/2003">
  <ItemGroup>
    <Filter Include="Source Files">
      <UniqueIdentifier>{4FC737F1-C7A5-4376-A066-2A32D752A2FF}</UniqueIdentifier>
      <Extensions>cpp;c;cc;cxx;def;odl;idl;hpj;bat;asm;asmx</Extensions>
    </Filter>
    <Filter Include="Header Files">
      <UniqueIdentifier>{93995380-89BD-4b04-88EB-625FBE52EBFB}</UniqueIdentifier>
      <Extensions>h;hh;hpp;hxx;hm;inl;inc;xsd</Extensions>
    </Filter>
    <Filter Include="Resource Files">
      <UniqueIdentifier>{67DA6AB6-F800-4c08-8B7A-83BB121AAD01}</UniqueIdentifier>
      <Extensions>rc;ico;cur;bmp;dlg;rc2;rct;bin;rgs;gif;jpg;jpeg;jpe;resx;tiff;tif;png;wav;mfcribbon-ms</Extensions>
    </Filter>
  </ItemGroup>
  <ItemGroup>
    <Text Include="ReadMe.txt" />
  </ItemGroup>
  <ItemGroup>
    <ClCompile Include="SCICompanionLib.cpp">
      <Filter>Source Files</Filter>
    </ClCompile>
    <ClCompile Include="stdafx.cpp">
      <Filter>Source Files</Filter>
    </ClCompile>
    <ClCompile Include="Src\Resources\Components.cpp">
      <Filter>Source Files</Filter>
    </ClCompile>
    <ClCompile Include="Src\Resources\FontOperations.cpp">
      <Filter>Source Files</Filter>
    </ClCompile>
    <ClCompile Include="Src\Resources\PicCommands.cpp">
      <Filter>Source Files</Filter>
    </ClCompile>
    <ClCompile Include="Src\Resources\PicDrawManager.cpp">
      <Filter>Source Files</Filter>
    </ClCompile>
    <ClCompile Include="Src\Resources\RasterOperations.cpp">
      <Filter>Source Files</Filter>
    </ClCompile>
    <ClCompile Include="Src\Resources\ResourceContainer.cpp">
      <Filter>Source Files</Filter>
    </ClCompile>
    <ClCompile Include="Src\Resources\ResourceEntity.cpp">
      <Filter>Source Files</Filter>
    </ClCompile>
    <ClCompile Include="Src\Resources\ResourceMap.cpp">
      <Filter>Source Files</Filter>
    </ClCompile>
    <ClCompile Include="Src\Resources\ResourceRecency.cpp">
      <Filter>Source Files</Filter>
    </ClCompile>
    <ClCompile Include="Src\Resources\Vocab000.cpp">
      <Filter>Source Files</Filter>
    </ClCompile>
    <ClCompile Include="Src\Resources\Vocab99x.cpp">
      <Filter>Source Files</Filter>
    </ClCompile>
    <ClCompile Include="Src\Util\AppState.cpp">
      <Filter>Source Files</Filter>
    </ClCompile>
    <ClCompile Include="Src\Util\ClassBrowser.cpp">
      <Filter>Source Files</Filter>
    </ClCompile>
    <ClCompile Include="Src\Util\ClassBrowserInfo.cpp">
      <Filter>Source Files</Filter>
    </ClCompile>
    <ClCompile Include="Src\Util\CodeAutoComplete.cpp">
      <Filter>Source Files</Filter>
    </ClCompile>
    <ClCompile Include="Src\Util\Codec.cpp">
      <Filter>Source Files</Filter>
    </ClCompile>
    <ClCompile Include="Src\Util\CrystalScriptStream.cpp">
      <Filter>Source Files</Filter>
    </ClCompile>
    <ClCompile Include="Src\Util\DrawHelper.cpp">
      <Filter>Source Files</Filter>
    </ClCompile>
    <ClCompile Include="Src\Util\SCIDocs.cpp">
      <Filter>Source Files</Filter>
    </ClCompile>
    <ClCompile Include="Src\Util\Stream.cpp">
      <Filter>Source Files</Filter>
    </ClCompile>
    <ClCompile Include="Src\Util\util.cpp">
      <Filter>Source Files</Filter>
    </ClCompile>
    <ClCompile Include="Src\Util\WordEnumString.cpp">
      <Filter>Source Files</Filter>
    </ClCompile>
    <ClCompile Include="Src\MFCViews\FontPreviewView.cpp">
      <Filter>Source Files</Filter>
    </ClCompile>
    <ClCompile Include="Src\MFCViews\PicView.cpp">
      <Filter>Source Files</Filter>
    </ClCompile>
    <ClCompile Include="Src\MFCViews\RasterResourceListView.cpp">
      <Filter>Source Files</Filter>
    </ClCompile>
    <ClCompile Include="Src\MFCViews\RasterView.cpp">
      <Filter>Source Files</Filter>
    </ClCompile>
    <ClCompile Include="Src\MFCViews\RoomExplorerView.cpp">
      <Filter>Source Files</Filter>
    </ClCompile>
    <ClCompile Include="Src\MFCViews\ScriptView.cpp">
      <Filter>Source Files</Filter>
    </ClCompile>
    <ClCompile Include="Src\MFCViews\SoundView.cpp">
      <Filter>Source Files</Filter>
    </ClCompile>
    <ClCompile Include="Src\MFCViews\TextView.cpp">
      <Filter>Source Files</Filter>
    </ClCompile>
    <ClCompile Include="Src\MFCViews\VocabView.cpp">
      <Filter>Source Files</Filter>
    </ClCompile>
    <ClCompile Include="Src\MFCFrames\CursorChildFrame.cpp">
      <Filter>Source Files</Filter>
    </ClCompile>
    <ClCompile Include="Src\MFCFrames\FontChildFrame.cpp">
      <Filter>Source Files</Filter>
    </ClCompile>
    <ClCompile Include="Src\MFCFrames\MainFrm.cpp">
      <Filter>Source Files</Filter>
    </ClCompile>
    <ClCompile Include="Src\MFCFrames\MDITabChildWnd.cpp">
      <Filter>Source Files</Filter>
    </ClCompile>
    <ClCompile Include="Src\MFCFrames\PicChildFrame.cpp">
      <Filter>Source Files</Filter>
    </ClCompile>
    <ClCompile Include="Src\MFCFrames\RoomExplorerFrame.cpp">
      <Filter>Source Files</Filter>
    </ClCompile>
    <ClCompile Include="Src\MFCFrames\ScriptFrame.cpp">
      <Filter>Source Files</Filter>
    </ClCompile>
    <ClCompile Include="Src\MFCFrames\SoundChildFrame.cpp">
      <Filter>Source Files</Filter>
    </ClCompile>
    <ClCompile Include="Src\MFCFrames\TextChildFrame.cpp">
      <Filter>Source Files</Filter>
    </ClCompile>
    <ClCompile Include="Src\MFCFrames\ViewChildFrame.cpp">
      <Filter>Source Files</Filter>
    </ClCompile>
    <ClCompile Include="Src\MFCFrames\VocabChildFrame.cpp">
      <Filter>Source Files</Filter>
    </ClCompile>
    <ClCompile Include="Src\MFCDocuments\NewRasterResourceDocument.cpp">
      <Filter>Source Files</Filter>
    </ClCompile>
    <ClCompile Include="Src\MFCDocuments\NonViewHostDocument.cpp">
      <Filter>Source Files</Filter>
    </ClCompile>
    <ClCompile Include="Src\MFCDocuments\PicDoc.cpp">
      <Filter>Source Files</Filter>
    </ClCompile>
    <ClCompile Include="Src\MFCDocuments\ResourceDocument.cpp">
      <Filter>Source Files</Filter>
    </ClCompile>
    <ClCompile Include="Src\MFCDocuments\ResourceListDoc.cpp">
      <Filter>Source Files</Filter>
    </ClCompile>
    <ClCompile Include="Src\MFCDocuments\RoomExplorerDoc.cpp">
      <Filter>Source Files</Filter>
    </ClCompile>
    <ClCompile Include="Src\MFCDocuments\ScriptDocument.cpp">
      <Filter>Source Files</Filter>
    </ClCompile>
    <ClCompile Include="Src\MFCDocuments\SoundDoc.cpp">
      <Filter>Source Files</Filter>
    </ClCompile>
    <ClCompile Include="Src\MFCDocuments\TextDoc.cpp">
      <Filter>Source Files</Filter>
    </ClCompile>
    <ClCompile Include="Src\MFCDocuments\VocabDoc.cpp">
      <Filter>Source Files</Filter>
    </ClCompile>
    <ClCompile Include="Src\FrameComponents\ChooseColorStatic.cpp">
      <Filter>Source Files</Filter>
    </ClCompile>
    <ClCompile Include="Src\FrameComponents\CodeToolTips.cpp">
      <Filter>Source Files</Filter>
    </ClCompile>
    <ClCompile Include="Src\FrameComponents\ColorButton.cpp">
      <Filter>Source Files</Filter>
    </ClCompile>
    <ClCompile Include="Src\FrameComponents\ColoredToolTip.cpp">
      <Filter>Source Files</Filter>
    </ClCompile>
    <ClCompile Include="Src\FrameComponents\ExtControlBarNoX.cpp">
      <Filter>Source Files</Filter>
    </ClCompile>
    <ClCompile Include="Src\FrameComponents\ExtDialogFwdCmd.cpp">
      <Filter>Source Files</Filter>
    </ClCompile>
    <ClCompile Include="Src\FrameComponents\IntellisenseListBox.cpp">
      <Filter>Source Files</Filter>
    </ClCompile>
    <ClCompile Include="Src\FrameComponents\MDITabsDialogBar.cpp">
      <Filter>Source Files</Filter>
    </ClCompile>
    <ClCompile Include="Src\FrameComponents\NoFlickerStatic.cpp">
      <Filter>Source Files</Filter>
    </ClCompile>
    <ClCompile Include="Src\FrameComponents\QuickScripts.cpp">
      <Filter>Source Files</Filter>
    </ClCompile>
    <ClCompile Include="Src\FrameComponents\ResourceListView.cpp">
      <Filter>Source Files</Filter>
    </ClCompile>
    <ClCompile Include="Src\FrameComponents\ResourcePicListView.cpp">
      <Filter>Source Files</Filter>
    </ClCompile>
    <ClCompile Include="Src\FrameComponents\ResourcePreviewer.cpp">
      <Filter>Source Files</Filter>
    </ClCompile>
    <ClCompile Include="Src\FrameComponents\ScriptComboBox.cpp">
      <Filter>Source Files</Filter>
    </ClCompile>
    <ClCompile Include="Src\FrameComponents\SliderDialogBar.cpp">
      <Filter>Source Files</Filter>
    </ClCompile>
    <ClCompile Include="Src\FrameComponents\ViewCelChooser.cpp">
      <Filter>Source Files</Filter>
    </ClCompile>
    <ClCompile Include="Src\FrameComponents\VPCDialogBar.cpp">
      <Filter>Source Files</Filter>
    </ClCompile>
    <ClCompile Include="Src\Dialogs\AnimateDialog.cpp">
      <Filter>Source Files</Filter>
    </ClCompile>
    <ClCompile Include="Src\Dialogs\BarContainerDialog.cpp">
      <Filter>Source Files</Filter>
    </ClCompile>
    <ClCompile Include="Src\Dialogs\BaseColorDialog.cpp">
      <Filter>Source Files</Filter>
    </ClCompile>
    <ClCompile Include="Src\Dialogs\BitmapToPicDialog.cpp">
      <Filter>Source Files</Filter>
    </ClCompile>
    <ClCompile Include="Src\Dialogs\ChooseColorAdvancedDialog.cpp">
      <Filter>Source Files</Filter>
    </ClCompile>
    <ClCompile Include="Src\Dialogs\ChooseColorDialog.cpp">
      <Filter>Source Files</Filter>
    </ClCompile>
    <ClCompile Include="Src\Dialogs\ChoosePenStyleDialog.cpp">
      <Filter>Source Files</Filter>
    </ClCompile>
    <ClCompile Include="Src\Dialogs\ChoosePriConDialog.cpp">
      <Filter>Source Files</Filter>
    </ClCompile>
    <ClCompile Include="Src\Dialogs\ClassBrowserDialog.cpp">
      <Filter>Source Files</Filter>
    </ClCompile>
    <ClCompile Include="Src\Dialogs\DontShowAgainDialog.cpp">
      <Filter>Source Files</Filter>
    </ClCompile>
    <ClCompile Include="Src\Dialogs\FindAllDialog.cpp">
      <Filter>Source Files</Filter>
    </ClCompile>
    <ClCompile Include="Src\Dialogs\FindWordDialog.cpp">
      <Filter>Source Files</Filter>
    </ClCompile>
    <ClCompile Include="Src\Dialogs\GamePropertiesDialog.cpp">
      <Filter>Source Files</Filter>
    </ClCompile>
    <ClCompile Include="Src\Dialogs\GotoDialog.cpp">
      <Filter>Source Files</Filter>
    </ClCompile>
    <ClCompile Include="Src\Dialogs\InsertObject.cpp">
      <Filter>Source Files</Filter>
    </ClCompile>
    <ClCompile Include="Src\Dialogs\NewCompileDialog.cpp">
      <Filter>Source Files</Filter>
    </ClCompile>
    <ClCompile Include="Src\Dialogs\NewGameDialog.cpp">
      <Filter>Source Files</Filter>
    </ClCompile>
    <ClCompile Include="Src\Dialogs\NewRoomDialog.cpp">
      <Filter>Source Files</Filter>
    </ClCompile>
    <ClCompile Include="Src\Dialogs\NewScriptDialog.cpp">
      <Filter>Source Files</Filter>
    </ClCompile>
    <ClCompile Include="Src\Dialogs\PaletteDefinitionDialog.cpp">
      <Filter>Source Files</Filter>
    </ClCompile>
    <ClCompile Include="Src\Dialogs\PreferencesDialog.cpp">
      <Filter>Source Files</Filter>
    </ClCompile>
    <ClCompile Include="Src\Dialogs\RemoveScriptDialog.cpp">
      <Filter>Source Files</Filter>
    </ClCompile>
    <ClCompile Include="Src\Dialogs\SamplesDialogBar.cpp">
      <Filter>Source Files</Filter>
    </ClCompile>
    <ClCompile Include="Src\Dialogs\SaveResourceDialog.cpp">
      <Filter>Source Files</Filter>
    </ClCompile>
    <ClCompile Include="Src\Dialogs\SCIFontDialog.cpp">
      <Filter>Source Files</Filter>
    </ClCompile>
    <ClCompile Include="Src\Dialogs\SCIPropertyCtrl.cpp">
      <Filter>Source Files</Filter>
    </ClCompile>
    <ClCompile Include="Src\Dialogs\SCIPropertyInfo.cpp">
      <Filter>Source Files</Filter>
    </ClCompile>
    <ClCompile Include="Src\Dialogs\SCIProps.cpp">
      <Filter>Source Files</Filter>
    </ClCompile>
    <ClCompile Include="Src\Dialogs\VisualScriptDialog.cpp">
      <Filter>Source Files</Filter>
    </ClCompile>
    <ClCompile Include="Src\Dialogs\VocabAutoCompleteDialog.cpp">
      <Filter>Source Files</Filter>
    </ClCompile>
    <ClCompile Include="Src\CrystalEdit\CCrystalEditView.cpp">
      <Filter>Source Files</Filter>
    </ClCompile>
    <ClCompile Include="Src\CrystalEdit\CCrystalTextBuffer.cpp">
      <Filter>Source Files</Filter>
    </ClCompile>
    <ClCompile Include="Src\CrystalEdit\CCrystalTextView.cpp">
      <Filter>Source Files</Filter>
    </ClCompile>
    <ClCompile Include="Src\CrystalEdit\CCrystalTextView2.cpp">
      <Filter>Source Files</Filter>
    </ClCompile>
    <ClCompile Include="Src\CrystalEdit\CEditReplaceDlg.cpp">
      <Filter>Source Files</Filter>
    </ClCompile>
    <ClCompile Include="Src\CrystalEdit\CFindTextDlg.cpp">
      <Filter>Source Files</Filter>
    </ClCompile>
    <ClCompile Include="Src\CRC32\crc.cpp">
      <Filter>Source Files</Filter>
    </ClCompile>
    <ClCompile Include="Src\CppFormat\format.cc">
      <Filter>Source Files</Filter>
    </ClCompile>
    <ClCompile Include="Src\Compile\Compile.cpp">
      <Filter>Source Files</Filter>
    </ClCompile>
    <ClCompile Include="Src\Compile\CompileContext.cpp">
      <Filter>Source Files</Filter>
    </ClCompile>
    <ClCompile Include="Src\Compile\CompiledScript.cpp">
      <Filter>Source Files</Filter>
    </ClCompile>
    <ClCompile Include="Src\Compile\CPPSyntaxParser.cpp">
      <Filter>Source Files</Filter>
    </ClCompile>
    <ClCompile Include="Src\Compile\CPPTokenizer.cpp">
      <Filter>Source Files</Filter>
    </ClCompile>
    <ClCompile Include="Src\Compile\Kernels.cpp">
      <Filter>Source Files</Filter>
    </ClCompile>
    <ClCompile Include="Src\Compile\ParserCommon.cpp">
      <Filter>Source Files</Filter>
    </ClCompile>
    <ClCompile Include="Src\Compile\PMachine.cpp">
      <Filter>Source Files</Filter>
    </ClCompile>
    <ClCompile Include="Src\Compile\scii.cpp">
      <Filter>Source Files</Filter>
    </ClCompile>
    <ClCompile Include="Src\Compile\SCO.cpp">
      <Filter>Source Files</Filter>
    </ClCompile>
    <ClCompile Include="Src\Compile\ScriptDebug.cpp">
      <Filter>Source Files</Filter>
    </ClCompile>
    <ClCompile Include="Src\Compile\ScriptOM.cpp">
      <Filter>Source Files</Filter>
    </ClCompile>
    <ClCompile Include="Src\Compile\ScriptOMTraverse.cpp">
      <Filter>Source Files</Filter>
    </ClCompile>
    <ClCompile Include="Src\Compile\SyntaxParser.cpp">
      <Filter>Source Files</Filter>
    </ClCompile>
    <ClCompile Include="Src\Compile\Types.cpp">
      <Filter>Source Files</Filter>
    </ClCompile>
    <ClCompile Include="Src\MFCViews\GameExplorerView.cpp">
      <Filter>Source Files</Filter>
    </ClCompile>
    <ClCompile Include="Src\MFCFrames\GameExplorerFrame.cpp">
      <Filter>Source Files</Filter>
    </ClCompile>
    <ClCompile Include="Src\Util\SoundUtil.cpp">
      <Filter>Source Files</Filter>
    </ClCompile>
    <ClCompile Include="Src\Resources\PicOperations.cpp">
      <Filter>Source Files</Filter>
    </ClCompile>
    <ClCompile Include="Src\Util\MidiPlayer.cpp">
      <Filter>Source Files</Filter>
    </ClCompile>
    <ClCompile Include="Src\Resources\ResourceUtil.cpp">
      <Filter>Source Files</Filter>
    </ClCompile>
    <ClCompile Include="Src\Util\CodecAlt.cpp">
      <Filter>Source Files</Filter>
    </ClCompile>
    <ClCompile Include="Src\Resources\PaletteOperations.cpp">
      <Filter>Source Files</Filter>
    </ClCompile>
    <ClCompile Include="Src\Resources\ResourceBlob.cpp">
      <Filter>Source Files</Filter>
    </ClCompile>
    <ClCompile Include="Src\Util\Version.cpp">
      <Filter>Source Files</Filter>
    </ClCompile>
    <ClCompile Include="Src\Dialogs\GameVersionDialog.cpp">
      <Filter>Source Files</Filter>
    </ClCompile>
    <ClCompile Include="Src\Util\CodecDCL.cpp">
      <Filter>Source Files</Filter>
    </ClCompile>
    <ClCompile Include="Src\Util\CodecDCL-freesci.cpp">
      <Filter>Source Files</Filter>
    </ClCompile>
    <ClCompile Include="Src\Util\ColorQuantization.cpp">
      <Filter>Source Files</Filter>
    </ClCompile>
    <ClCompile Include="Src\Compile\Disassembler.cpp">
      <Filter>Source Files</Filter>
    </ClCompile>
    <ClCompile Include="Src\Compile\SummarizeScript.cpp">
      <Filter>Source Files</Filter>
    </ClCompile>
    <ClCompile Include="Src\Compile\DisassembleHelper.cpp">
      <Filter>Source Files</Filter>
    </ClCompile>
    <ClCompile Include="Src\Compile\DecompilerCore.cpp">
      <Filter>Source Files</Filter>
    </ClCompile>
    <ClCompile Include="Src\Compile\DecompileScript.cpp">
      <Filter>Source Files</Filter>
    </ClCompile>
    <ClCompile Include="Src\Resources\ResourceSources.cpp">
      <Filter>Source Files</Filter>
    </ClCompile>
    <ClCompile Include="Src\Dialogs\ChooseColorDialogVGA.cpp">
      <Filter>Source Files</Filter>
    </ClCompile>
    <ClCompile Include="Src\Util\AudioPlayback.cpp">
      <Filter>Source Files</Filter>
    </ClCompile>
    <ClCompile Include="Src\Dialogs\PrepareBitmapBase.cpp">
      <Filter>Source Files</Filter>
    </ClCompile>
    <ClCompile Include="Src\Dialogs\BitmapToVGADialog.cpp">
      <Filter>Source Files</Filter>
    </ClCompile>
    <ClCompile Include="Src\Util\ImageUtil.cpp">
      <Filter>Source Files</Filter>
    </ClCompile>
    <ClCompile Include="Src\Compile\OutputSCIStudioSourceCode.cpp">
      <Filter>Source Files</Filter>
    </ClCompile>
    <ClCompile Include="Src\Compile\OutputCppSourceCode.cpp">
      <Filter>Source Files</Filter>
    </ClCompile>
    <ClCompile Include="Src\Compile\OutputSCISourceCode.cpp">
      <Filter>Source Files</Filter>
    </ClCompile>
    <ClCompile Include="Src\Compile\OutputCodeHelper.cpp">
      <Filter>Source Files</Filter>
    </ClCompile>
    <ClCompile Include="Src\Resources\VersionDetectionHelper.cpp">
      <Filter>Source Files</Filter>
    </ClCompile>
    <ClCompile Include="Src\Resources\ResourceMapOperations.cpp">
      <Filter>Source Files</Filter>
    </ClCompile>
    <ClCompile Include="Src\FrameComponents\RasterSidePane.cpp">
      <Filter>Source Files</Filter>
    </ClCompile>
    <ClCompile Include="Src\FrameComponents\SoundToolboxSidePane.cpp">
      <Filter>Source Files</Filter>
    </ClCompile>
    <ClCompile Include="Src\FrameComponents\PicCommandSidePane.cpp">
      <Filter>Source Files</Filter>
    </ClCompile>
    <ClCompile Include="Src\Compile\SCIStudioSyntaxParser.cpp">
      <Filter>Source Files</Filter>
    </ClCompile>
    <ClCompile Include="Src\Resources\Font.cpp">
      <Filter>Source Files</Filter>
    </ClCompile>
    <ClCompile Include="Src\Resources\Cursor.cpp">
      <Filter>Source Files</Filter>
    </ClCompile>
    <ClCompile Include="Src\Resources\Text.cpp">
      <Filter>Source Files</Filter>
    </ClCompile>
    <ClCompile Include="Src\Resources\Message.cpp">
      <Filter>Source Files</Filter>
    </ClCompile>
    <ClCompile Include="Src\Resources\Sound.cpp">
      <Filter>Source Files</Filter>
    </ClCompile>
    <ClCompile Include="Src\Resources\SoundOperations.cpp">
      <Filter>Source Files</Filter>
    </ClCompile>
    <ClCompile Include="Src\Compile\TarjanAlgorithm.cpp">
      <Filter>Source Files</Filter>
    </ClCompile>
    <ClCompile Include="Src\Compile\ControlFlowGraphViz.cpp">
      <Filter>Source Files</Filter>
    </ClCompile>
    <ClCompile Include="Src\FrameComponents\PicHelperPane.cpp">
      <Filter>Source Files</Filter>
    </ClCompile>
    <ClCompile Include="Src\FrameComponents\ZoomCelStatic.cpp">
      <Filter>Source Files</Filter>
    </ClCompile>
    <ClCompile Include="Src\Dialogs\ExtractAllDialog.cpp">
      <Filter>Source Files</Filter>
    </ClCompile>
    <ClCompile Include="Src\Util\ExtractAll.cpp">
      <Filter>Source Files</Filter>
    </ClCompile>
    <ClCompile Include="Src\Dialogs\PaletteEditorDialog.cpp">
      <Filter>Source Files</Filter>
    </ClCompile>
    <ClCompile Include="Src\MFCDocuments\PaletteDoc.cpp">
      <Filter>Source Files</Filter>
    </ClCompile>
    <ClCompile Include="Src\MFCViews\PaletteView.cpp">
      <Filter>Source Files</Filter>
    </ClCompile>
    <ClCompile Include="Src\MFCFrames\PaletteChildFrame.cpp">
      <Filter>Source Files</Filter>
    </ClCompile>
    <ClCompile Include="Src\Compile\ControlFlowGraph.cpp">
      <Filter>Source Files</Filter>
    </ClCompile>
    <ClCompile Include="Src\Resources\View.cpp">
      <Filter>Source Files</Filter>
    </ClCompile>
    <ClCompile Include="Src\Resources\Pic.cpp">
      <Filter>Source Files</Filter>
    </ClCompile>
    <ClCompile Include="Src\Compile\DecompilerNew.cpp">
      <Filter>Source Files</Filter>
    </ClCompile>
    <ClCompile Include="Src\Compile\ControlFlowNode.cpp">
      <Filter>Source Files</Filter>
    </ClCompile>
    <ClCompile Include="Src\Compile\AutoDetectVariableNames.cpp">
      <Filter>Source Files</Filter>
    </ClCompile>
    <ClCompile Include="Src\Resources\Audio.cpp">
      <Filter>Source Files</Filter>
    </ClCompile>
    <ClCompile Include="Src\Resources\AudioMap.cpp">
      <Filter>Source Files</Filter>
    </ClCompile>
    <ClCompile Include="Src\Compile\DecompilerFallback.cpp">
      <Filter>Source Files</Filter>
    </ClCompile>
    <ClCompile Include="Src\Dialogs\DecompileDialog.cpp">
      <Filter>Source Files</Filter>
    </ClCompile>
    <ClCompile Include="Src\Resources\GameFolderHelper.cpp">
      <Filter>Source Files</Filter>
    </ClCompile>
    <ClCompile Include="Src\Compile\GenerateScriptResource.cpp">
      <Filter>Source Files</Filter>
    </ClCompile>
    <ClCompile Include="Src\Compile\DecompilerSpecialCases.cpp">
      <Filter>Source Files</Filter>
    </ClCompile>
    <ClCompile Include="Src\Compile\DecompilerConfig.cpp">
      <Filter>Source Files</Filter>
    </ClCompile>
    <ClCompile Include="Src\FrameComponents\MessageSidePane.cpp">
      <Filter>Source Files</Filter>
    </ClCompile>
    <ClCompile Include="Src\MFCFrames\MessageChildFrame.cpp">
      <Filter>Source Files</Filter>
    </ClCompile>
    <ClCompile Include="Src\FrameComponents\MessageEditorListCtrl.cpp">
      <Filter>Source Files</Filter>
    </ClCompile>
    <ClCompile Include="Src\FrameComponents\MessageHeaderFile.cpp">
      <Filter>Source Files</Filter>
    </ClCompile>
    <ClCompile Include="Src\FrameComponents\MessageSource.cpp">
      <Filter>Source Files</Filter>
    </ClCompile>
    <ClCompile Include="Src\MFCDocuments\MessageDoc.cpp">
      <Filter>Source Files</Filter>
    </ClCompile>
    <ClCompile Include="Src\MFCViews\MessageView.cpp">
      <Filter>Source Files</Filter>
    </ClCompile>
    <ClCompile Include="Src\FrameComponents\MessageNounConditionPane.cpp">
      <Filter>Source Files</Filter>
    </ClCompile>
    <ClCompile Include="Src\FrameComponents\MessageEditPane.cpp">
      <Filter>Source Files</Filter>
    </ClCompile>
    <ClCompile Include="Src\Dialogs\GradientDialog.cpp">
      <Filter>Source Files</Filter>
    </ClCompile>
    <ClCompile Include="Src\FrameComponents\ViewCelListBox.cpp">
      <Filter>Source Files</Filter>
    </ClCompile>
    <ClCompile Include="Src\GIFLIB\dgif_lib.cpp">
      <Filter>Source Files</Filter>
    </ClCompile>
    <ClCompile Include="Src\GIFLIB\gif_err.cpp">
      <Filter>Source Files</Filter>
    </ClCompile>
    <ClCompile Include="Src\GIFLIB\gif_hash.cpp">
      <Filter>Source Files</Filter>
    </ClCompile>
    <ClCompile Include="Src\GIFLIB\gifalloc.cpp">
      <Filter>Source Files</Filter>
    </ClCompile>
    <ClCompile Include="Src\Util\CustomMessageBox.cpp">
      <Filter>Source Files</Filter>
    </ClCompile>
    <ClCompile Include="Src\Resources\Polygon.cpp">
      <Filter>Source Files</Filter>
    </ClCompile>
    <ClCompile Include="Src\Util\DebuggerThread.cpp">
      <Filter>Source Files</Filter>
    </ClCompile>
    <ClCompile Include="Src\FrameComponents\NewOutputPane.cpp">
      <Filter>Source Files</Filter>
    </ClCompile>
    <ClCompile Include="Src\FrameComponents\ExtTabControl.cpp">
      <Filter>Source Files</Filter>
    </ClCompile>
    <ClCompile Include="Src\Compile\Evaluate.cpp">
      <Filter>Source Files</Filter>
    </ClCompile>
    <ClCompile Include="Src\Dialogs\ConvertFromToPaletteDialog.cpp">
      <Filter>Source Files</Filter>
    </ClCompile>
    <ClCompile Include="Src\Dialogs\ColorAdjustDialog.cpp">
      <Filter>Source Files</Filter>
    </ClCompile>
    <ClCompile Include="Src\MFCDocuments\DocumentWithPaletteChoices.cpp">
      <Filter>Source Files</Filter>
    </ClCompile>
    <ClCompile Include="Src\Dialogs\PicDimensionsDialog.cpp">
      <Filter>Source Files</Filter>
    </ClCompile>
    <ClCompile Include="Src\r8brain\r8bbase.cpp">
      <Filter>Source Files</Filter>
    </ClCompile>
    <ClCompile Include="Src\Dialogs\ColorShifterDialog.cpp">
      <Filter>Source Files</Filter>
    </ClCompile>
    <ClCompile Include="Src\Util\VGADither.cpp">
      <Filter>Source Files</Filter>
    </ClCompile>
    <ClCompile Include="Src\GIFLIB\egif_lib.cpp">
      <Filter>Source Files</Filter>
    </ClCompile>
    <ClCompile Include="Src\Compile\ScriptMakerHelper.cpp">
      <Filter>Source Files</Filter>
    </ClCompile>
    <ClCompile Include="Src\Util\RGBOctree.cpp">
      <Filter>Source Files</Filter>
    </ClCompile>
    <ClCompile Include="Src\Resources\NounsAndCases.cpp">
      <Filter>Source Files</Filter>
    </ClCompile>
    <ClCompile Include="Src\Util\Task.cpp">
      <Filter>Source Files</Filter>
    </ClCompile>
  </ItemGroup>
  <ItemGroup>
    <ClInclude Include="SCICompanionLib.h">
      <Filter>Header Files</Filter>
    </ClInclude>
    <ClInclude Include="stdafx.h">
      <Filter>Header Files</Filter>
    </ClInclude>
    <ClInclude Include="targetver.h">
      <Filter>Header Files</Filter>
    </ClInclude>
    <ClInclude Include="Resource.h">
      <Filter>Header Files</Filter>
    </ClInclude>
    <ClInclude Include="Src\Resources\Components.h">
      <Filter>Header Files</Filter>
    </ClInclude>
    <ClInclude Include="Src\Resources\FontOperations.h">
      <Filter>Header Files</Filter>
    </ClInclude>
    <ClInclude Include="Src\Resources\PicCommands.h">
      <Filter>Header Files</Filter>
    </ClInclude>
    <ClInclude Include="Src\Resources\PicCommandsCommon.h">
      <Filter>Header Files</Filter>
    </ClInclude>
    <ClInclude Include="Src\Resources\PicDrawManager.h">
      <Filter>Header Files</Filter>
    </ClInclude>
    <ClInclude Include="Src\Resources\RasterOperations.h">
      <Filter>Header Files</Filter>
    </ClInclude>
    <ClInclude Include="Src\Resources\ResourceContainer.h">
      <Filter>Header Files</Filter>
    </ClInclude>
    <ClInclude Include="Src\Resources\ResourceEntity.h">
      <Filter>Header Files</Filter>
    </ClInclude>
    <ClInclude Include="Src\Resources\ResourceMap.h">
      <Filter>Header Files</Filter>
    </ClInclude>
    <ClInclude Include="Src\Resources\ResourceRecency.h">
      <Filter>Header Files</Filter>
    </ClInclude>
    <ClInclude Include="Src\Resources\Vocab000.h">
      <Filter>Header Files</Filter>
    </ClInclude>
    <ClInclude Include="Src\Resources\Vocab99x.h">
      <Filter>Header Files</Filter>
    </ClInclude>
    <ClInclude Include="Src\Util\AppState.h">
      <Filter>Header Files</Filter>
    </ClInclude>
    <ClInclude Include="Src\Util\ClassBrowser.h">
      <Filter>Header Files</Filter>
    </ClInclude>
    <ClInclude Include="Src\Util\ClassBrowserInfo.h">
      <Filter>Header Files</Filter>
    </ClInclude>
    <ClInclude Include="Src\Util\CodeAutoComplete.h">
      <Filter>Header Files</Filter>
    </ClInclude>
    <ClInclude Include="Src\Util\Codec.h">
      <Filter>Header Files</Filter>
    </ClInclude>
    <ClInclude Include="Src\Util\CrystalScriptStream.h">
      <Filter>Header Files</Filter>
    </ClInclude>
    <ClInclude Include="Src\Util\Delegates.h">
      <Filter>Header Files</Filter>
    </ClInclude>
    <ClInclude Include="Src\Util\DialogFactory.h">
      <Filter>Header Files</Filter>
    </ClInclude>
    <ClInclude Include="Src\Util\DrawHelper.h">
      <Filter>Header Files</Filter>
    </ClInclude>
    <ClInclude Include="Src\Util\interfaces.h">
      <Filter>Header Files</Filter>
    </ClInclude>
    <ClInclude Include="Src\Util\NonViewClient.h">
      <Filter>Header Files</Filter>
    </ClInclude>
    <ClInclude Include="Src\Util\QueueItems.h">
      <Filter>Header Files</Filter>
    </ClInclude>
    <ClInclude Include="Src\Util\sci.h">
      <Filter>Header Files</Filter>
    </ClInclude>
    <ClInclude Include="Src\Util\SCIDocs.h">
      <Filter>Header Files</Filter>
    </ClInclude>
    <ClInclude Include="Src\Util\StlUtil.h">
      <Filter>Header Files</Filter>
    </ClInclude>
    <ClInclude Include="Src\Util\Stream.h">
      <Filter>Header Files</Filter>
    </ClInclude>
    <ClInclude Include="Src\Util\ToolTipResult.h">
      <Filter>Header Files</Filter>
    </ClInclude>
    <ClInclude Include="Src\Util\WordEnumString.h">
      <Filter>Header Files</Filter>
    </ClInclude>
    <ClInclude Include="Src\MFCViews\FontPreviewView.h">
      <Filter>Header Files</Filter>
    </ClInclude>
    <ClInclude Include="Src\MFCViews\PicView.h">
      <Filter>Header Files</Filter>
    </ClInclude>
    <ClInclude Include="Src\MFCViews\RasterResourceListView.h">
      <Filter>Header Files</Filter>
    </ClInclude>
    <ClInclude Include="Src\MFCViews\RasterView.h">
      <Filter>Header Files</Filter>
    </ClInclude>
    <ClInclude Include="Src\MFCViews\RoomExplorerView.h">
      <Filter>Header Files</Filter>
    </ClInclude>
    <ClInclude Include="Src\MFCViews\ScriptView.h">
      <Filter>Header Files</Filter>
    </ClInclude>
    <ClInclude Include="Src\MFCViews\ScrollingThing.h">
      <Filter>Header Files</Filter>
    </ClInclude>
    <ClInclude Include="Src\MFCViews\SoundView.h">
      <Filter>Header Files</Filter>
    </ClInclude>
    <ClInclude Include="Src\MFCViews\TextView.h">
      <Filter>Header Files</Filter>
    </ClInclude>
    <ClInclude Include="Src\MFCViews\VocabView.h">
      <Filter>Header Files</Filter>
    </ClInclude>
    <ClInclude Include="Src\MFCFrames\CursorChildFrame.h">
      <Filter>Header Files</Filter>
    </ClInclude>
    <ClInclude Include="Src\MFCFrames\FontChildFrame.h">
      <Filter>Header Files</Filter>
    </ClInclude>
    <ClInclude Include="Src\MFCFrames\MainFrm.h">
      <Filter>Header Files</Filter>
    </ClInclude>
    <ClInclude Include="Src\MFCFrames\MDITabChildWnd.h">
      <Filter>Header Files</Filter>
    </ClInclude>
    <ClInclude Include="Src\MFCFrames\PicChildFrame.h">
      <Filter>Header Files</Filter>
    </ClInclude>
    <ClInclude Include="Src\MFCFrames\RoomExplorerFrame.h">
      <Filter>Header Files</Filter>
    </ClInclude>
    <ClInclude Include="Src\MFCFrames\ScriptFrame.h">
      <Filter>Header Files</Filter>
    </ClInclude>
    <ClInclude Include="Src\MFCFrames\SoundChildFrame.h">
      <Filter>Header Files</Filter>
    </ClInclude>
    <ClInclude Include="Src\MFCFrames\TextChildFrame.h">
      <Filter>Header Files</Filter>
    </ClInclude>
    <ClInclude Include="Src\MFCFrames\ViewChildFrame.h">
      <Filter>Header Files</Filter>
    </ClInclude>
    <ClInclude Include="Src\MFCFrames\VocabChildFrame.h">
      <Filter>Header Files</Filter>
    </ClInclude>
    <ClInclude Include="Src\MFCDocuments\NewRasterResourceDocument.h">
      <Filter>Header Files</Filter>
    </ClInclude>
    <ClInclude Include="Src\MFCDocuments\NonViewHostDocument.h">
      <Filter>Header Files</Filter>
    </ClInclude>
    <ClInclude Include="Src\MFCDocuments\PicDoc.h">
      <Filter>Header Files</Filter>
    </ClInclude>
    <ClInclude Include="Src\MFCDocuments\ResourceDocument.h">
      <Filter>Header Files</Filter>
    </ClInclude>
    <ClInclude Include="Src\MFCDocuments\ResourceListDoc.h">
      <Filter>Header Files</Filter>
    </ClInclude>
    <ClInclude Include="Src\MFCDocuments\RoomExplorerDoc.h">
      <Filter>Header Files</Filter>
    </ClInclude>
    <ClInclude Include="Src\MFCDocuments\ScriptDocument.h">
      <Filter>Header Files</Filter>
    </ClInclude>
    <ClInclude Include="Src\MFCDocuments\SoundDoc.h">
      <Filter>Header Files</Filter>
    </ClInclude>
    <ClInclude Include="Src\MFCDocuments\TextDoc.h">
      <Filter>Header Files</Filter>
    </ClInclude>
    <ClInclude Include="Src\MFCDocuments\UndoResource.h">
      <Filter>Header Files</Filter>
    </ClInclude>
    <ClInclude Include="Src\MFCDocuments\VocabDoc.h">
      <Filter>Header Files</Filter>
    </ClInclude>
    <ClInclude Include="Src\FrameComponents\ChooseColorStatic.h">
      <Filter>Header Files</Filter>
    </ClInclude>
    <ClInclude Include="Src\FrameComponents\CodeToolTips.h">
      <Filter>Header Files</Filter>
    </ClInclude>
    <ClInclude Include="Src\FrameComponents\ColorButton.h">
      <Filter>Header Files</Filter>
    </ClInclude>
    <ClInclude Include="Src\FrameComponents\ColoredToolTip.h">
      <Filter>Header Files</Filter>
    </ClInclude>
    <ClInclude Include="Src\FrameComponents\ExtControlBarNoX.h">
      <Filter>Header Files</Filter>
    </ClInclude>
    <ClInclude Include="Src\FrameComponents\ExtDialogFwdCmd.h">
      <Filter>Header Files</Filter>
    </ClInclude>
    <ClInclude Include="Src\FrameComponents\IntellisenseListBox.h">
      <Filter>Header Files</Filter>
    </ClInclude>
    <ClInclude Include="Src\FrameComponents\MDITabsDialogBar.h">
      <Filter>Header Files</Filter>
    </ClInclude>
    <ClInclude Include="Src\FrameComponents\NoFlickerStatic.h">
      <Filter>Header Files</Filter>
    </ClInclude>
    <ClInclude Include="Src\FrameComponents\QuickScripts.h">
      <Filter>Header Files</Filter>
    </ClInclude>
    <ClInclude Include="Src\FrameComponents\ResourceListView.h">
      <Filter>Header Files</Filter>
    </ClInclude>
    <ClInclude Include="Src\FrameComponents\ResourcePicListView.h">
      <Filter>Header Files</Filter>
    </ClInclude>
    <ClInclude Include="Src\FrameComponents\ResourcePreviewer.h">
      <Filter>Header Files</Filter>
    </ClInclude>
    <ClInclude Include="Src\FrameComponents\ScriptComboBox.h">
      <Filter>Header Files</Filter>
    </ClInclude>
    <ClInclude Include="Src\FrameComponents\SliderDialogBar.h">
      <Filter>Header Files</Filter>
    </ClInclude>
    <ClInclude Include="Src\FrameComponents\ViewCelChooser.h">
      <Filter>Header Files</Filter>
    </ClInclude>
    <ClInclude Include="Src\FrameComponents\VPCDialogBar.h">
      <Filter>Header Files</Filter>
    </ClInclude>
    <ClInclude Include="Src\Dialogs\AnimateDialog.h">
      <Filter>Header Files</Filter>
    </ClInclude>
    <ClInclude Include="Src\Dialogs\BarContainerDialog.h">
      <Filter>Header Files</Filter>
    </ClInclude>
    <ClInclude Include="Src\Dialogs\BaseColorDialog.h">
      <Filter>Header Files</Filter>
    </ClInclude>
    <ClInclude Include="Src\Dialogs\BitmapToPicDialog.h">
      <Filter>Header Files</Filter>
    </ClInclude>
    <ClInclude Include="Src\Dialogs\ChooseColorAdvancedDialog.h">
      <Filter>Header Files</Filter>
    </ClInclude>
    <ClInclude Include="Src\Dialogs\ChooseColorDialog.h">
      <Filter>Header Files</Filter>
    </ClInclude>
    <ClInclude Include="Src\Dialogs\ChoosePenStyleDialog.h">
      <Filter>Header Files</Filter>
    </ClInclude>
    <ClInclude Include="Src\Dialogs\ChoosePriConDialog.h">
      <Filter>Header Files</Filter>
    </ClInclude>
    <ClInclude Include="Src\Dialogs\ClassBrowserDialog.h">
      <Filter>Header Files</Filter>
    </ClInclude>
    <ClInclude Include="Src\Dialogs\ColorDialogCallback.h">
      <Filter>Header Files</Filter>
    </ClInclude>
    <ClInclude Include="Src\Dialogs\DontShowAgainDialog.h">
      <Filter>Header Files</Filter>
    </ClInclude>
    <ClInclude Include="Src\Dialogs\FindAllDialog.h">
      <Filter>Header Files</Filter>
    </ClInclude>
    <ClInclude Include="Src\Dialogs\FindWordDialog.h">
      <Filter>Header Files</Filter>
    </ClInclude>
    <ClInclude Include="Src\Dialogs\GamePropertiesDialog.h">
      <Filter>Header Files</Filter>
    </ClInclude>
    <ClInclude Include="Src\Dialogs\GotoDialog.h">
      <Filter>Header Files</Filter>
    </ClInclude>
    <ClInclude Include="Src\Dialogs\InsertObject.h">
      <Filter>Header Files</Filter>
    </ClInclude>
    <ClInclude Include="Src\Dialogs\NewCompileDialog.h">
      <Filter>Header Files</Filter>
    </ClInclude>
    <ClInclude Include="Src\Dialogs\NewGameDialog.h">
      <Filter>Header Files</Filter>
    </ClInclude>
    <ClInclude Include="Src\Dialogs\NewRoomDialog.h">
      <Filter>Header Files</Filter>
    </ClInclude>
    <ClInclude Include="Src\Dialogs\NewScriptDialog.h">
      <Filter>Header Files</Filter>
    </ClInclude>
    <ClInclude Include="Src\Dialogs\PaletteDefinitionCallback.h">
      <Filter>Header Files</Filter>
    </ClInclude>
    <ClInclude Include="Src\Dialogs\PaletteDefinitionDialog.h">
      <Filter>Header Files</Filter>
    </ClInclude>
    <ClInclude Include="Src\Dialogs\PreferencesDialog.h">
      <Filter>Header Files</Filter>
    </ClInclude>
    <ClInclude Include="Src\Dialogs\PropEditCtrl.h">
      <Filter>Header Files</Filter>
    </ClInclude>
    <ClInclude Include="Src\Dialogs\RemoveScriptDialog.h">
      <Filter>Header Files</Filter>
    </ClInclude>
    <ClInclude Include="Src\Dialogs\SamplesDialogBar.h">
      <Filter>Header Files</Filter>
    </ClInclude>
    <ClInclude Include="Src\Dialogs\SaveResourceDialog.h">
      <Filter>Header Files</Filter>
    </ClInclude>
    <ClInclude Include="Src\Dialogs\SCIFontDialog.h">
      <Filter>Header Files</Filter>
    </ClInclude>
    <ClInclude Include="Src\Dialogs\SCIPropertyCtrl.h">
      <Filter>Header Files</Filter>
    </ClInclude>
    <ClInclude Include="Src\Dialogs\SCIPropertyInfo.h">
      <Filter>Header Files</Filter>
    </ClInclude>
    <ClInclude Include="Src\Dialogs\SCIProps.h">
      <Filter>Header Files</Filter>
    </ClInclude>
    <ClInclude Include="Src\Dialogs\VisualScriptDialog.h">
      <Filter>Header Files</Filter>
    </ClInclude>
    <ClInclude Include="Src\Dialogs\VocabAutoCompleteDialog.h">
      <Filter>Header Files</Filter>
    </ClInclude>
    <ClInclude Include="Src\CrystalEdit\CCrystalEditView.h">
      <Filter>Header Files</Filter>
    </ClInclude>
    <ClInclude Include="Src\CrystalEdit\CCrystalTextBuffer.h">
      <Filter>Header Files</Filter>
    </ClInclude>
    <ClInclude Include="Src\CrystalEdit\CCrystalTextView.h">
      <Filter>Header Files</Filter>
    </ClInclude>
    <ClInclude Include="Src\CrystalEdit\cedefs.h">
      <Filter>Header Files</Filter>
    </ClInclude>
    <ClInclude Include="Src\CrystalEdit\CEditReplaceDlg.h">
      <Filter>Header Files</Filter>
    </ClInclude>
    <ClInclude Include="Src\CrystalEdit\CFindTextDlg.h">
      <Filter>Header Files</Filter>
    </ClInclude>
    <ClInclude Include="Src\CrystalEdit\editcmd.h">
      <Filter>Header Files</Filter>
    </ClInclude>
    <ClInclude Include="Src\CrystalEdit\editreg.h">
      <Filter>Header Files</Filter>
    </ClInclude>
    <ClInclude Include="Src\CrystalEdit\resource.h">
      <Filter>Header Files</Filter>
    </ClInclude>
    <ClInclude Include="Src\CRC32\crc.h">
      <Filter>Header Files</Filter>
    </ClInclude>
    <ClInclude Include="Src\CppFormat\format.h">
      <Filter>Header Files</Filter>
    </ClInclude>
    <ClInclude Include="Src\Compile\CompileContext.h">
      <Filter>Header Files</Filter>
    </ClInclude>
    <ClInclude Include="Src\Compile\CompiledScript.h">
      <Filter>Header Files</Filter>
    </ClInclude>
    <ClInclude Include="Src\Compile\CompileInterfaces.h">
      <Filter>Header Files</Filter>
    </ClInclude>
    <ClInclude Include="Src\Compile\CPPSyntaxParser.h">
      <Filter>Header Files</Filter>
    </ClInclude>
    <ClInclude Include="Src\Compile\Kernels.h">
      <Filter>Header Files</Filter>
    </ClInclude>
    <ClInclude Include="Src\Compile\ParserCommon.h">
      <Filter>Header Files</Filter>
    </ClInclude>
    <ClInclude Include="Src\Compile\PMachine.h">
      <Filter>Header Files</Filter>
    </ClInclude>
    <ClInclude Include="Src\Compile\scii.h">
      <Filter>Header Files</Filter>
    </ClInclude>
    <ClInclude Include="Src\Compile\SCO.h">
      <Filter>Header Files</Filter>
    </ClInclude>
    <ClInclude Include="Src\Compile\ScriptMakerHelper.h">
      <Filter>Header Files</Filter>
    </ClInclude>
    <ClInclude Include="Src\Compile\ScriptOM.h">
      <Filter>Header Files</Filter>
    </ClInclude>
    <ClInclude Include="Src\Compile\ScriptOMAll.h">
      <Filter>Header Files</Filter>
    </ClInclude>
    <ClInclude Include="Src\Compile\ScriptOMInterfaces.h">
      <Filter>Header Files</Filter>
    </ClInclude>
    <ClInclude Include="Src\Compile\ScriptOMSmall.h">
      <Filter>Header Files</Filter>
    </ClInclude>
    <ClInclude Include="Src\Compile\SyntaxParser.h">
      <Filter>Header Files</Filter>
    </ClInclude>
    <ClInclude Include="Src\Compile\Types.h">
      <Filter>Header Files</Filter>
    </ClInclude>
    <ClInclude Include="Src\MFCViews\GameExplorerView.h">
      <Filter>Header Files</Filter>
    </ClInclude>
    <ClInclude Include="Src\MFCFrames\GameExplorerFrame.h">
      <Filter>Header Files</Filter>
    </ClInclude>
    <ClInclude Include="Src\Util\SoundUtil.h">
      <Filter>Header Files</Filter>
    </ClInclude>
    <ClInclude Include="Src\Resources\PicOperations.h">
      <Filter>Header Files</Filter>
    </ClInclude>
    <ClInclude Include="Src\MFCDocuments\ResourceEntityDocument.h">
      <Filter>Header Files</Filter>
    </ClInclude>
    <ClInclude Include="Src\Util\CObjectWrap.h">
      <Filter>Header Files</Filter>
    </ClInclude>
    <ClInclude Include="Src\Util\MidiPlayer.h">
      <Filter>Header Files</Filter>
    </ClInclude>
    <ClInclude Include="Src\Resources\ResourceUtil.h">
      <Filter>Header Files</Filter>
    </ClInclude>
    <ClInclude Include="Src\Util\CodecAlt.h">
      <Filter>Header Files</Filter>
    </ClInclude>
    <ClInclude Include="Src\Resources\PaletteOperations.h">
      <Filter>Header Files</Filter>
    </ClInclude>
    <ClInclude Include="Src\Resources\ResourceBlob.h">
      <Filter>Header Files</Filter>
    </ClInclude>
    <ClInclude Include="Src\Util\Version.h">
      <Filter>Header Files</Filter>
    </ClInclude>
    <ClInclude Include="Src\Dialogs\GameVersionDialog.h">
      <Filter>Header Files</Filter>
    </ClInclude>
    <ClInclude Include="Src\Util\ColorQuantization.h">
      <Filter>Header Files</Filter>
    </ClInclude>
    <ClInclude Include="Src\Compile\Disassembler.h">
      <Filter>Header Files</Filter>
    </ClInclude>
    <ClInclude Include="Src\Compile\SummarizeScript.h">
      <Filter>Header Files</Filter>
    </ClInclude>
    <ClInclude Include="Src\Compile\DisassembleHelper.h">
      <Filter>Header Files</Filter>
    </ClInclude>
    <ClInclude Include="Src\Compile\DecompilerCore.h">
      <Filter>Header Files</Filter>
    </ClInclude>
    <ClInclude Include="Src\Compile\DecompileScript.h">
      <Filter>Header Files</Filter>
    </ClInclude>
    <ClInclude Include="Src\Resources\ResourceSources.h">
      <Filter>Header Files</Filter>
    </ClInclude>
    <ClInclude Include="Src\Dialogs\ChooseColorDialogVGA.h">
      <Filter>Header Files</Filter>
    </ClInclude>
    <ClInclude Include="Src\Util\AudioPlayback.h">
      <Filter>Header Files</Filter>
    </ClInclude>
    <ClInclude Include="Src\Dialogs\PrepareBitmapBase.h">
      <Filter>Header Files</Filter>
    </ClInclude>
    <ClInclude Include="Src\Dialogs\BitmapToVGADialog.h">
      <Filter>Header Files</Filter>
    </ClInclude>
    <ClInclude Include="Src\Util\ImageUtil.h">
      <Filter>Header Files</Filter>
    </ClInclude>
    <ClInclude Include="Src\Compile\OutputCodeHelper.h">
      <Filter>Header Files</Filter>
    </ClInclude>
    <ClInclude Include="Src\Compile\OutputSCIStudioSourceCode.h">
      <Filter>Header Files</Filter>
    </ClInclude>
    <ClInclude Include="Src\Compile\OutputSourceCodeBase.h">
      <Filter>Header Files</Filter>
    </ClInclude>
    <ClInclude Include="Src\Compile\OutputCppSourceCode.h">
      <Filter>Header Files</Filter>
    </ClInclude>
    <ClInclude Include="Src\Resources\ResourceMapOperations.h">
      <Filter>Header Files</Filter>
    </ClInclude>
    <ClInclude Include="Src\FrameComponents\RasterSidePane.h">
      <Filter>Header Files</Filter>
    </ClInclude>
    <ClInclude Include="Src\FrameComponents\SoundToolboxSidePane.h">
      <Filter>Header Files</Filter>
    </ClInclude>
    <ClInclude Include="Src\FrameComponents\PicCommandSidePane.h">
      <Filter>Header Files</Filter>
    </ClInclude>
    <ClInclude Include="Src\Compile\OutputSCISourceCode.h">
      <Filter>Header Files</Filter>
    </ClInclude>
    <ClInclude Include="Src\Compile\SCIStudioSyntaxParser.h">
      <Filter>Header Files</Filter>
    </ClInclude>
    <ClInclude Include="Src\Resources\Font.h">
      <Filter>Header Files</Filter>
    </ClInclude>
    <ClInclude Include="Src\Resources\Cursor.h">
      <Filter>Header Files</Filter>
    </ClInclude>
    <ClInclude Include="Src\Resources\Text.h">
      <Filter>Header Files</Filter>
    </ClInclude>
    <ClInclude Include="Src\Resources\Message.h">
      <Filter>Header Files</Filter>
    </ClInclude>
    <ClInclude Include="Src\Resources\Sound.h">
      <Filter>Header Files</Filter>
    </ClInclude>
    <ClInclude Include="Src\Resources\SoundOperations.h">
      <Filter>Header Files</Filter>
    </ClInclude>
    <ClInclude Include="Src\Compile\TarjanAlgorithm.h">
      <Filter>Header Files</Filter>
    </ClInclude>
    <ClInclude Include="Src\Compile\ControlFlowGraphViz.h">
      <Filter>Header Files</Filter>
    </ClInclude>
    <ClInclude Include="Src\FrameComponents\PicHelperPane.h">
      <Filter>Header Files</Filter>
    </ClInclude>
    <ClInclude Include="Src\FrameComponents\ZoomCelStatic.h">
      <Filter>Header Files</Filter>
    </ClInclude>
    <ClInclude Include="Src\Dialogs\ExtractAllDialog.h">
      <Filter>Header Files</Filter>
    </ClInclude>
    <ClInclude Include="Src\Util\ExtractAll.h">
      <Filter>Header Files</Filter>
    </ClInclude>
    <ClInclude Include="Src\Util\BufferPool.h">
      <Filter>Source Files</Filter>
    </ClInclude>
    <ClInclude Include="Src\Dialogs\PaletteEditorDialog.h">
      <Filter>Header Files</Filter>
    </ClInclude>
    <ClInclude Include="Src\MFCDocuments\PaletteDoc.h">
      <Filter>Header Files</Filter>
    </ClInclude>
    <ClInclude Include="Src\MFCViews\PaletteView.h">
      <Filter>Header Files</Filter>
    </ClInclude>
    <ClInclude Include="Src\MFCFrames\PaletteChildFrame.h">
      <Filter>Header Files</Filter>
    </ClInclude>
    <ClInclude Include="Src\Dialogs\PaletteEditorCommon.h">
      <Filter>Header Files</Filter>
    </ClInclude>
    <ClInclude Include="Src\Compile\ControlFlowGraph.h">
      <Filter>Header Files</Filter>
    </ClInclude>
    <ClInclude Include="Src\Resources\View.h">
      <Filter>Header Files</Filter>
    </ClInclude>
    <ClInclude Include="Src\Resources\Pic.h">
      <Filter>Header Files</Filter>
    </ClInclude>
    <ClInclude Include="Src\Compile\DecompilerNew.h">
      <Filter>Header Files</Filter>
    </ClInclude>
    <ClInclude Include="Src\Compile\ControlFlowNode.h">
      <Filter>Header Files</Filter>
    </ClInclude>
    <ClInclude Include="Src\Compile\AutoDetectVariableNames.h">
      <Filter>Header Files</Filter>
    </ClInclude>
    <ClInclude Include="Src\Resources\Audio.h">
      <Filter>Header Files</Filter>
    </ClInclude>
    <ClInclude Include="Src\Resources\AudioMap.h">
      <Filter>Header Files</Filter>
    </ClInclude>
    <ClInclude Include="Src\Compile\DecompilerFallback.h">
      <Filter>Header Files</Filter>
    </ClInclude>
    <ClInclude Include="Src\Dialogs\DecompileDialog.h">
      <Filter>Header Files</Filter>
    </ClInclude>
    <ClInclude Include="Src\Compile\CompileCommon.h">
      <Filter>Header Files</Filter>
    </ClInclude>
    <ClInclude Include="Src\Compile\DecompilerResults.h">
      <Filter>Header Files</Filter>
    </ClInclude>
    <ClInclude Include="Src\Resources\GameFolderHelper.h">
      <Filter>Header Files</Filter>
    </ClInclude>
    <ClInclude Include="Src\cpptoml\cpptoml.h">
      <Filter>Header Files</Filter>
    </ClInclude>
    <ClInclude Include="Src\Compile\DecompilerConfig.h">
      <Filter>Header Files</Filter>
    </ClInclude>
    <ClInclude Include="Src\Util\SortedVector.h">
      <Filter>Header Files</Filter>
    </ClInclude>
    <ClInclude Include="Src\FrameComponents\MessageSidePane.h">
      <Filter>Header Files</Filter>
    </ClInclude>
    <ClInclude Include="Src\MFCFrames\MessageChildFrame.h">
      <Filter>Header Files</Filter>
    </ClInclude>
    <ClInclude Include="Src\FrameComponents\MessageEditorListCtrl.h">
      <Filter>Header Files</Filter>
    </ClInclude>
    <ClInclude Include="Src\FrameComponents\MessageHeaderFile.h">
      <Filter>Header Files</Filter>
    </ClInclude>
    <ClInclude Include="Src\FrameComponents\MessageSource.h">
      <Filter>Header Files</Filter>
    </ClInclude>
    <ClInclude Include="Src\MFCDocuments\MessageDoc.h">
      <Filter>Header Files</Filter>
    </ClInclude>
    <ClInclude Include="Src\MFCViews\MessageView.h">
      <Filter>Header Files</Filter>
    </ClInclude>
    <ClInclude Include="Src\FrameComponents\MessageNounConditionPane.h">
      <Filter>Header Files</Filter>
    </ClInclude>
    <ClInclude Include="Src\FrameComponents\MessageEditPane.h">
      <Filter>Header Files</Filter>
    </ClInclude>
    <ClInclude Include="Src\Util\WindowsUtil.h">
      <Filter>Header Files</Filter>
    </ClInclude>
    <ClInclude Include="Src\Dialogs\GradientDialog.h">
      <Filter>Header Files</Filter>
    </ClInclude>
    <ClInclude Include="Src\FrameComponents\ViewCelListBox.h">
      <Filter>Header Files</Filter>
    </ClInclude>
    <ClInclude Include="Src\GIFLIB\gif_hash.h">
      <Filter>Header Files</Filter>
    </ClInclude>
    <ClInclude Include="Src\GIFLIB\gif_lib.h">
      <Filter>Header Files</Filter>
    </ClInclude>
    <ClInclude Include="Src\GIFLIB\gif_lib_private.h">
      <Filter>Header Files</Filter>
    </ClInclude>
    <ClInclude Include="Src\Util\CustomMessageBox.h">
      <Filter>Header Files</Filter>
    </ClInclude>
    <ClInclude Include="Src\Resources\SyncResourceMap.h">
      <Filter>Header Files</Filter>
    </ClInclude>
    <ClInclude Include="Src\Resources\Polygon.h">
      <Filter>Header Files</Filter>
    </ClInclude>
    <ClInclude Include="Src\Util\DebuggerThread.h">
      <Filter>Header Files</Filter>
    </ClInclude>
    <ClInclude Include="Src\FrameComponents\NewOutputPane.h">
      <Filter>Header Files</Filter>
    </ClInclude>
    <ClInclude Include="Src\FrameComponents\ExtTabControl.h">
      <Filter>Header Files</Filter>
    </ClInclude>
    <ClInclude Include="Src\Dialogs\ConvertFromToPaletteDialog.h">
      <Filter>Header Files</Filter>
    </ClInclude>
    <ClInclude Include="Src\Dialogs\ColorAdjustDialog.h">
      <Filter>Header Files</Filter>
    </ClInclude>
    <ClInclude Include="Src\MFCDocuments\DocumentWithPaletteChoices.h">
      <Filter>Header Files</Filter>
    </ClInclude>
    <ClInclude Include="Src\Dialogs\PicDimensionsDialog.h">
      <Filter>Header Files</Filter>
    </ClInclude>
    <ClInclude Include="Src\r8brain\CDSPBlockConvolver.h">
      <Filter>Header Files</Filter>
    </ClInclude>
    <ClInclude Include="Src\r8brain\CDSPFIRFilter.h">
      <Filter>Header Files</Filter>
    </ClInclude>
    <ClInclude Include="Src\r8brain\CDSPFracInterpolator.h">
      <Filter>Header Files</Filter>
    </ClInclude>
    <ClInclude Include="Src\r8brain\CDSPProcessor.h">
      <Filter>Header Files</Filter>
    </ClInclude>
    <ClInclude Include="Src\r8brain\CDSPRealFFT.h">
      <Filter>Header Files</Filter>
    </ClInclude>
    <ClInclude Include="Src\r8brain\CDSPResampler.h">
      <Filter>Header Files</Filter>
    </ClInclude>
    <ClInclude Include="Src\r8brain\CDSPSincFilterGen.h">
      <Filter>Header Files</Filter>
    </ClInclude>
    <ClInclude Include="Src\r8brain\fft4g.h">
      <Filter>Header Files</Filter>
    </ClInclude>
    <ClInclude Include="Src\r8brain\r8bbase.h">
      <Filter>Header Files</Filter>
    </ClInclude>
    <ClInclude Include="Src\r8brain\r8bconf.h">
      <Filter>Header Files</Filter>
    </ClInclude>
    <ClInclude Include="Src\r8brain\r8butil.h">
      <Filter>Header Files</Filter>
    </ClInclude>
    <ClInclude Include="Src\Dialogs\ColorShifterDialog.h">
      <Filter>Header Files</Filter>
    </ClInclude>
    <ClInclude Include="Src\Dialogs\ColorShiftCallback.h">
      <Filter>Header Files</Filter>
    </ClInclude>
    <ClInclude Include="Src\Util\VGADither.h">
      <Filter>Header Files</Filter>
    </ClInclude>
    <ClInclude Include="Src\Util\RGBOctree.h">
      <Filter>Header Files</Filter>
    </ClInclude>
    <ClInclude Include="Src\Resources\NounsAndCases.h">
      <Filter>Header Files</Filter>
    </ClInclude>
    <ClInclude Include="Src\TernarySearchTree\TernarySearchTree.h">
      <Filter>Header Files</Filter>
    </ClInclude>
    <ClInclude Include="Src\Compile\AutoCompleteContext.h">
      <Filter>Header Files</Filter>
    </ClInclude>
    <ClInclude Include="Src\Compile\NodeTypes.h">
      <Filter>Header Files</Filter>
    </ClInclude>
    <ClInclude Include="Src\Util\Task.h">
      <Filter>Header Files</Filter>
    </ClInclude>
  </ItemGroup>
  <ItemGroup>
    <None Include="SCICompanionLib.def">
      <Filter>Source Files</Filter>
    </None>
    <None Include="res\SCICompanionLib.rc2">
      <Filter>Resource Files</Filter>
    </None>
    <None Include="Src\CrystalEdit\CCrystalEditView.inl">
      <Filter>Header Files</Filter>
    </None>
    <None Include="Src\CrystalEdit\CCrystalTextBuffer.inl">
      <Filter>Header Files</Filter>
    </None>
    <None Include="Src\CrystalEdit\CCrystalTextView.inl">
      <Filter>Header Files</Filter>
    </None>
    <None Include="res\cursor1.cur">
      <Filter>Resource Files</Filter>
    </None>
    <None Include="res\cur00001.cur">
      <Filter>Resource Files</Filter>
    </None>
    <None Include="res\cur00002.cur">
      <Filter>Resource Files</Filter>
    </None>
    <None Include="res\cur00003.cur">
      <Filter>Resource Files</Filter>
    </None>
    <None Include="res\cursor2.cur">
      <Filter>Resource Files</Filter>
    </None>
    <None Include="res\cur00004.cur">
      <Filter>Resource Files</Filter>
    </None>
    <None Include="res\cursorli.cur">
      <Filter>Resource Files</Filter>
    </None>
    <None Include="res\cur00005.cur">
      <Filter>Resource Files</Filter>
    </None>
    <None Include="res\cur00006.cur">
      <Filter>Resource Files</Filter>
    </None>
    <None Include="res\cursorre.cur">
      <Filter>Resource Files</Filter>
    </None>
    <None Include="res\cur00007.cur">
      <Filter>Resource Files</Filter>
    </None>
    <None Include="res\cur00008.cur">
      <Filter>Resource Files</Filter>
    </None>
    <None Include="res\cur00009.cur">
      <Filter>Resource Files</Filter>
    </None>
    <None Include="res\cur00010.cur">
      <Filter>Resource Files</Filter>
    </None>
    <None Include="res\cur00011.cur">
      <Filter>Resource Files</Filter>
    </None>
    <None Include="res\cur00012.cur">
      <Filter>Resource Files</Filter>
    </None>
    <None Include="res\cur00013.cur">
      <Filter>Resource Files</Filter>
    </None>
    <None Include="res\cur00014.cur">
      <Filter>Resource Files</Filter>
    </None>
    <None Include="res\cur00015.cur">
      <Filter>Resource Files</Filter>
    </None>
    <None Include="res\cursorup.cur">
      <Filter>Resource Files</Filter>
    </None>
    <None Include="res\cursordo.cur">
      <Filter>Resource Files</Filter>
    </None>
    <None Include="res\cur00016.cur">
      <Filter>Resource Files</Filter>
    </None>
    <None Include="res\cur00017.cur">
      <Filter>Resource Files</Filter>
    </None>
    <None Include="res\eyedropper.cur">
      <Filter>Resource Files</Filter>
    </None>
    <None Include="Src\cpptoml\LICENSE" />
    <None Include="res\cursorsh.cur">
      <Filter>Resource Files</Filter>
    </None>
  </ItemGroup>
  <ItemGroup>
    <ResourceCompile Include="SCICompanionLib.rc">
      <Filter>Resource Files</Filter>
    </ResourceCompile>
  </ItemGroup>
  <ItemGroup>
    <Image Include="res\1_216.ico">
      <Filter>Resource Files</Filter>
    </Image>
    <Image Include="res\SCICompanionDoc.ico">
      <Filter>Resource Files</Filter>
    </Image>
    <Image Include="res\icon1.ico">
      <Filter>Resource Files</Filter>
    </Image>
    <Image Include="res\icon2.ico">
      <Filter>Resource Files</Filter>
    </Image>
    <Image Include="res\bang.ico">
      <Filter>Resource Files</Filter>
    </Image>
    <Image Include="res\icon3.ico">
      <Filter>Resource Files</Filter>
    </Image>
    <Image Include="res\SCIText.ico">
      <Filter>Resource Files</Filter>
    </Image>
    <Image Include="res\script_compileall.ico">
      <Filter>Resource Files</Filter>
    </Image>
    <Image Include="res\draw_brush.ico">
      <Filter>Resource Files</Filter>
    </Image>
    <Image Include="res\draw_replace.ico">
      <Filter>Resource Files</Filter>
    </Image>
    <Image Include="res\draw_zoom.ico">
      <Filter>Resource Files</Filter>
    </Image>
    <Image Include="res\edit.ico">
      <Filter>Resource Files</Filter>
    </Image>
    <Image Include="res\edit_cut.ico">
      <Filter>Resource Files</Filter>
    </Image>
    <Image Include="res\edit_paste.ico">
      <Filter>Resource Files</Filter>
    </Image>
    <Image Include="res\file_open.ico">
      <Filter>Resource Files</Filter>
    </Image>
    <Image Include="res\file_save.ico">
      <Filter>Resource Files</Filter>
    </Image>
    <Image Include="res\main_rebuild.ico">
      <Filter>Resource Files</Filter>
    </Image>
    <Image Include="res\main_run.ico">
      <Filter>Resource Files</Filter>
    </Image>
    <Image Include="res\pic_history.ico">
      <Filter>Resource Files</Filter>
    </Image>
    <Image Include="res\script_compile.ico">
      <Filter>Resource Files</Filter>
    </Image>
    <Image Include="res\sound.ico">
      <Filter>Resource Files</Filter>
    </Image>
    <Image Include="res\main_back.ico">
      <Filter>Resource Files</Filter>
    </Image>
    <Image Include="res\main_forward.ico">
      <Filter>Resource Files</Filter>
    </Image>
    <Image Include="res\main_properties.ico">
      <Filter>Resource Files</Filter>
    </Image>
    <Image Include="res\newsound.ico">
      <Filter>Resource Files</Filter>
    </Image>
    <Image Include="res\patch.ico">
      <Filter>Resource Files</Filter>
    </Image>
    <Image Include="res\font.ico">
      <Filter>Resource Files</Filter>
    </Image>
    <Image Include="res\newfont.ico">
      <Filter>Resource Files</Filter>
    </Image>
    <Image Include="res\newpic.ico">
      <Filter>Resource Files</Filter>
    </Image>
    <Image Include="res\newscript.ico">
      <Filter>Resource Files</Filter>
    </Image>
    <Image Include="res\newview.ico">
      <Filter>Resource Files</Filter>
    </Image>
    <Image Include="res\script.ico">
      <Filter>Resource Files</Filter>
    </Image>
    <Image Include="res\view.ico">
      <Filter>Resource Files</Filter>
    </Image>
    <Image Include="res\Vocab.ico">
      <Filter>Resource Files</Filter>
    </Image>
    <Image Include="res\newtext.ico">
      <Filter>Resource Files</Filter>
    </Image>
    <Image Include="res\text.ico">
      <Filter>Resource Files</Filter>
    </Image>
    <Image Include="res\preferences.ico">
      <Filter>Resource Files</Filter>
    </Image>
    <Image Include="res\newcursor.ico">
      <Filter>Resource Files</Filter>
    </Image>
    <Image Include="res\cursor.ico">
      <Filter>Resource Files</Filter>
    </Image>
    <Image Include="res\pic.ico">
      <Filter>Resource Files</Filter>
    </Image>
    <Image Include="res\showtrace.ico">
      <Filter>Resource Files</Filter>
    </Image>
    <Image Include="res\loadtrace.ico">
      <Filter>Resource Files</Filter>
    </Image>
    <Image Include="res\delete.ico">
      <Filter>Resource Files</Filter>
    </Image>
    <Image Include="res\find.ico">
      <Filter>Resource Files</Filter>
    </Image>
    <Image Include="res\animate.ico">
      <Filter>Resource Files</Filter>
    </Image>
    <Image Include="res\palette.ico">
      <Filter>Resource Files</Filter>
    </Image>
    <Image Include="res\image_sequence.ico">
      <Filter>Resource Files</Filter>
    </Image>
    <Image Include="res\view_details.ico">
      <Filter>Resource Files</Filter>
    </Image>
    <Image Include="res\view_icons.ico">
      <Filter>Resource Files</Filter>
    </Image>
    <Image Include="res\script_convert.ico">
      <Filter>Resource Files</Filter>
    </Image>
    <Image Include="res\script_insert_object.ico">
      <Filter>Resource Files</Filter>
    </Image>
    <Image Include="res\newroom.ico">
      <Filter>Resource Files</Filter>
    </Image>
    <Image Include="res\newword.ico">
      <Filter>Resource Files</Filter>
    </Image>
    <Image Include="res\moveup.ico">
      <Filter>Resource Files</Filter>
    </Image>
    <Image Include="res\movedown.ico">
      <Filter>Resource Files</Filter>
    </Image>
    <Image Include="res\stop.ico">
      <Filter>Resource Files</Filter>
    </Image>
    <Image Include="res\play.ico">
      <Filter>Resource Files</Filter>
    </Image>
    <Image Include="res\pause.ico">
      <Filter>Resource Files</Filter>
    </Image>
    <Image Include="res\rect.ico">
      <Filter>Resource Files</Filter>
    </Image>
    <Image Include="res\roundedrect_solid.ico">
      <Filter>Resource Files</Filter>
    </Image>
    <Image Include="res\roundedrect.ico">
      <Filter>Resource Files</Filter>
    </Image>
    <Image Include="res\ellipse_solid.ico">
      <Filter>Resource Files</Filter>
    </Image>
    <Image Include="res\ellipse.ico">
      <Filter>Resource Files</Filter>
    </Image>
    <Image Include="res\rect_solid.ico">
      <Filter>Resource Files</Filter>
    </Image>
    <Image Include="res\line.ico">
      <Filter>Resource Files</Filter>
    </Image>
    <Image Include="res\fliphorz.ico">
      <Filter>Resource Files</Filter>
    </Image>
    <Image Include="res\flipvert.ico">
      <Filter>Resource Files</Filter>
    </Image>
    <Image Include="res\invert.ico">
      <Filter>Resource Files</Filter>
    </Image>
    <Image Include="res\greyscale.ico">
      <Filter>Resource Files</Filter>
    </Image>
    <Image Include="res\lightup.ico">
      <Filter>Resource Files</Filter>
    </Image>
    <Image Include="res\placement.ico">
      <Filter>Resource Files</Filter>
    </Image>
    <Image Include="res\dither.ico">
      <Filter>Resource Files</Filter>
    </Image>
    <Image Include="res\fakeego.ico">
      <Filter>Resource Files</Filter>
    </Image>
    <Image Include="res\prioritylines.ico">
      <Filter>Resource Files</Filter>
    </Image>
    <Image Include="res\palette0.ico">
      <Filter>Resource Files</Filter>
    </Image>
    <Image Include="res\palette3.ico">
      <Filter>Resource Files</Filter>
    </Image>
    <Image Include="res\palette1.ico">
      <Filter>Resource Files</Filter>
    </Image>
    <Image Include="res\palette2.ico">
      <Filter>Resource Files</Filter>
    </Image>
    <Image Include="res\screencontrol.ico">
      <Filter>Resource Files</Filter>
    </Image>
    <Image Include="res\screenvisual.ico">
      <Filter>Resource Files</Filter>
    </Image>
    <Image Include="res\screenpri.ico">
      <Filter>Resource Files</Filter>
    </Image>
    <Image Include="res\floodfill.ico">
      <Filter>Resource Files</Filter>
    </Image>
    <Image Include="res\Toolbar.bmp">
      <Filter>Resource Files</Filter>
    </Image>
    <Image Include="res\bmp00001.bmp">
      <Filter>Resource Files</Filter>
    </Image>
    <Image Include="res\bmp00003.bmp">
      <Filter>Resource Files</Filter>
    </Image>
    <Image Include="res\bmp00004.bmp">
      <Filter>Resource Files</Filter>
    </Image>
    <Image Include="res\bmp00002.bmp">
      <Filter>Resource Files</Filter>
    </Image>
    <Image Include="res\toolbard.bmp">
      <Filter>Resource Files</Filter>
    </Image>
    <Image Include="res\bmp00006.bmp">
      <Filter>Resource Files</Filter>
    </Image>
    <Image Include="res\Up.bmp">
      <Filter>Resource Files</Filter>
    </Image>
    <Image Include="res\Down.bmp">
      <Filter>Resource Files</Filter>
    </Image>
    <Image Include="res\Left.bmp">
      <Filter>Resource Files</Filter>
    </Image>
    <Image Include="res\Right.bmp">
      <Filter>Resource Files</Filter>
    </Image>
    <Image Include="res\bitmap1.bmp">
      <Filter>Resource Files</Filter>
    </Image>
    <Image Include="res\bmp00007.bmp">
      <Filter>Resource Files</Filter>
    </Image>
    <Image Include="res\bmp00008.bmp">
      <Filter>Resource Files</Filter>
    </Image>
    <Image Include="res\bmp00009.bmp">
      <Filter>Resource Files</Filter>
    </Image>
    <Image Include="res\bmp00010.bmp">
      <Filter>Resource Files</Filter>
    </Image>
    <Image Include="res\bmp00011.bmp">
      <Filter>Resource Files</Filter>
    </Image>
    <Image Include="res\bmp00012.bmp">
      <Filter>Resource Files</Filter>
    </Image>
    <Image Include="res\bmp00013.bmp">
      <Filter>Resource Files</Filter>
    </Image>
    <Image Include="res\bmp00014.bmp">
      <Filter>Resource Files</Filter>
    </Image>
    <Image Include="res\alphable.bmp">
      <Filter>Resource Files</Filter>
    </Image>
    <Image Include="res\bmp00015.bmp">
      <Filter>Resource Files</Filter>
    </Image>
    <Image Include="res\bmp00016.bmp">
      <Filter>Resource Files</Filter>
    </Image>
    <Image Include="res\bmp00017.bmp">
      <Filter>Resource Files</Filter>
    </Image>
    <Image Include="res\bmp00018.bmp">
      <Filter>Resource Files</Filter>
    </Image>
    <Image Include="res\bmp00005.bmp">
      <Filter>Resource Files</Filter>
    </Image>
    <Image Include="res\bmp00019.bmp">
      <Filter>Resource Files</Filter>
    </Image>
    <Image Include="res\toolbart.bmp">
      <Filter>Resource Files</Filter>
    </Image>
    <Image Include="res\bitmapup.bmp">
      <Filter>Resource Files</Filter>
    </Image>
    <Image Include="res\bitmaplo.bmp">
      <Filter>Resource Files</Filter>
    </Image>
    <Image Include="res\AffectAll.bmp">
      <Filter>Resource Files</Filter>
    </Image>
    <Image Include="res\bitmapcu.bmp">
      <Filter>Resource Files</Filter>
    </Image>
    <Image Include="res\TabPic.bmp">
      <Filter>Resource Files</Filter>
    </Image>
    <Image Include="res\TabPicNS.bmp">
      <Filter>Resource Files</Filter>
    </Image>
    <Image Include="res\vpc_highlight.bmp">
      <Filter>Resource Files</Filter>
    </Image>
    <Image Include="res\vpc_highlightx.bmp">
      <Filter>Resource Files</Filter>
    </Image>
    <Image Include="res\bmp00020.bmp">
      <Filter>Resource Files</Filter>
    </Image>
    <Image Include="res\picthumb_highlight.bmp">
      <Filter>Resource Files</Filter>
    </Image>
    <Image Include="res\CloseActive.bmp">
      <Filter>Resource Files</Filter>
    </Image>
    <Image Include="res\CloseInactive.bmp">
      <Filter>Resource Files</Filter>
    </Image>
    <Image Include="res\ico00001.ico">
      <Filter>Resource Files</Filter>
    </Image>
    <Image Include="res\icon5.ico">
      <Filter>Resource Files</Filter>
    </Image>
    <Image Include="res\Eyedropper.ico">
      <Filter>Resource Files</Filter>
    </Image>
    <Image Include="res\greyscal.ico">
      <Filter>Resource Files</Filter>
    </Image>
    <Image Include="res\eyedropp.ico">
      <Filter>Resource Files</Filter>
    </Image>
    <Image Include="res\history1.ico">
      <Filter>Resource Files</Filter>
    </Image>
    <Image Include="res\Transparent.ico">
      <Filter>Resource Files</Filter>
    </Image>
    <Image Include="res\newmessage.ico">
      <Filter>Resource Files</Filter>
    </Image>
    <Image Include="res\message.ico">
      <Filter>Resource Files</Filter>
    </Image>
    <Image Include="res\newpalette.ico">
      <Filter>Resource Files</Filter>
    </Image>
    <Image Include="res\audio.ico">
      <Filter>Resource Files</Filter>
    </Image>
    <Image Include="res\editpalette.ico">
      <Filter>Resource Files</Filter>
    </Image>
    <Image Include="res\bmp00021.bmp">
      <Filter>Resource Files</Filter>
    </Image>
    <Image Include="res\clonemessageentry.ico">
      <Filter>Resource Files</Filter>
    </Image>
    <Image Include="res\newmessageentry.ico">
      <Filter>Resource Files</Filter>
    </Image>
    <Image Include="res\newmessagesequence.ico">
      <Filter>Resource Files</Filter>
    </Image>
    <Image Include="res\PolyPath.ico">
      <Filter>Resource Files</Filter>
    </Image>
    <Image Include="res\GameFolder.ico">
      <Filter>Resource Files</Filter>
    </Image>
    <Image Include="res\debug.ico">
      <Filter>Resource Files</Filter>
    </Image>
    <Image Include="res\debug_room.ico">
      <Filter>Resource Files</Filter>
    </Image>
    <Image Include="res\stopdebug.ico">
      <Filter>Resource Files</Filter>
    </Image>
    <Image Include="res\Upload.ico">
      <Filter>Resource Files</Filter>
    </Image>
    <Image Include="res\refresh.ico">
      <Filter>Resource Files</Filter>
    </Image>
    <Image Include="res\RightArrow.ico">
      <Filter>Resource Files</Filter>
    </Image>
  </ItemGroup>
</Project>