<?xml version="1.0" encoding="utf-8"?>
<Project ToolsVersion="4.0" xmlns="http://schemas.microsoft.com/developer/msbuild/2003">
  <ItemGroup>
    <Filter Include="Source Files">
      <UniqueIdentifier>{4FC737F1-C7A5-4376-A066-2A32D752A2FF}</UniqueIdentifier>
      <Extensions>cpp;c;cc;cxx;def;odl;idl;hpj;bat;asm;asmx</Extensions>
    </Filter>
    <Filter Include="Header Files">
      <UniqueIdentifier>{93995380-89BD-4b04-88EB-625FBE52EBFB}</UniqueIdentifier>
      <Extensions>h;hh;hpp;hxx;hm;inl;inc;xsd</Extensions>
    </Filter>
    <Filter Include="Resource Files">
      <UniqueIdentifier>{67DA6AB6-F800-4c08-8B7A-83BB121AAD01}</UniqueIdentifier>
      <Extensions>rc;ico;cur;bmp;dlg;rc2;rct;bin;rgs;gif;jpg;jpeg;jpe;resx;tiff;tif;png;wav;mfcribbon-ms</Extensions>
    </Filter>
  </ItemGroup>
  <ItemGroup>
    <ClInclude Include="stdafx.h">
      <Filter>Header Files</Filter>
    </ClInclude>
    <ClInclude Include="targetver.h">
      <Filter>Header Files</Filter>
    </ClInclude>
    <ClInclude Include="Helper.h">
      <Filter>Header Files</Filter>
    </ClInclude>
  </ItemGroup>
  <ItemGroup>
    <ClCompile Include="stdafx.cpp">
      <Filter>Source Files</Filter>
    </ClCompile>
    <ClCompile Include="TestResource.cpp">
      <Filter>Source Files</Filter>
    </ClCompile>
    <ClCompile Include="TestCompile.cpp">
      <Filter>Source Files</Filter>
    </ClCompile>
    <ClCompile Include="TestResourceLoad.cpp">
      <Filter>Source Files</Filter>
    </ClCompile>
    <ClCompile Include="Helper.cpp">
      <Filter>Source Files</Filter>
    </ClCompile>
    <ClCompile Include="TestAllGamesLoad.cpp">
      <Filter>Source Files</Filter>
    </ClCompile>
    <ClCompile Include="TestClassBrowser.cpp">
      <Filter>Source Files</Filter>
    </ClCompile>
    <ClCompile Include="TestPicDraw.cpp">
      <Filter>Source Files</Filter>
    </ClCompile>
  </ItemGroup>
  <ItemGroup>
    <None Include="UnitTests.licenseheader" />
    <None Include="Files\Pics\SCI0\pic.006" />
    <None Include="Files\Pics\SCI0\pic.028" />
    <None Include="Files\Pics\SCI0\pic.029" />
    <None Include="Files\Pics\SCI0\pic.500" />
    <None Include="Files\Pics\SCI1.0\33.p56" />
    <None Include="Files\Pics\SCI1.0\pic.011" />
    <None Include="Files\Pics\SCI1.0\pic.030" />
    <None Include="Files\Pics\SCI1.0\pic.531" />
    <None Include="Files\Pics\SCI1.1\100.p56" />
    <None Include="Files\Pics\SCI1.1\320.p56" />
    <None Include="Files\Pics\SCI1.1\630.p56" />
    <None Include="Files\Pics\SCI1.1\860.p56" />
    <None Include="Files\Pics\SCI2\220.p56" />
    <None Include="Files\Pics\SCI2\901.p56" />
    <None Include="Files\Pics\SCI2\1150.p56" />
    <None Include="Files\Pics\SCI1.0\Early\pic.011" />
    <None Include="Files\Pics\SCI1.0\Early\pic.030" />
    <None Include="Files\Pics\SCI1.0\Early\pic.531" />
    <None Include="Files\Pics\SCI1.0\EGA\pic.570" />
    <None Include="Files\Pics\SCI1.0\Mid\33.p56" />
    <None Include="Files\Pics\SCI1.0\Mid\160.p56" />
  </ItemGroup>
  <ItemGroup>
    <Image Include="Files\Pics\SCI0\pic.006-ctl.bmp">
      <Filter>Resource Files</Filter>
    </Image>
    <Image Include="Files\Pics\SCI0\pic.006-pri.bmp">
      <Filter>Resource Files</Filter>
    </Image>
    <Image Include="Files\Pics\SCI0\pic.006-vis.bmp">
      <Filter>Resource Files</Filter>
    </Image>
    <Image Include="Files\Pics\SCI0\pic.028-ctl.bmp">
      <Filter>Resource Files</Filter>
    </Image>
    <Image Include="Files\Pics\SCI0\pic.028-pri.bmp">
      <Filter>Resource Files</Filter>
    </Image>
    <Image Include="Files\Pics\SCI0\pic.028-vis.bmp">
      <Filter>Resource Files</Filter>
    </Image>
    <Image Include="Files\Pics\SCI0\pic.029-ctl.bmp">
      <Filter>Resource Files</Filter>
    </Image>
    <Image Include="Files\Pics\SCI0\pic.029-pri.bmp">
      <Filter>Resource Files</Filter>
    </Image>
    <Image Include="Files\Pics\SCI0\pic.029-vis.bmp">
      <Filter>Resource Files</Filter>
    </Image>
    <Image Include="Files\Pics\SCI0\pic.500-ctl.bmp">
      <Filter>Resource Files</Filter>
    </Image>
    <Image Include="Files\Pics\SCI0\pic.500-pri.bmp">
      <Filter>Resource Files</Filter>
    </Image>
    <Image Include="Files\Pics\SCI0\pic.500-vis.bmp">
      <Filter>Resource Files</Filter>
    </Image>
    <Image Include="Files\Pics\SCI1.0\33.p56-ctl.bmp">
      <Filter>Resource Files</Filter>
    </Image>
    <Image Include="Files\Pics\SCI1.0\33.p56-pri.bmp">
      <Filter>Resource Files</Filter>
    </Image>
    <Image Include="Files\Pics\SCI1.0\33.p56-vis.bmp">
      <Filter>Resource Files</Filter>
    </Image>
    <Image Include="Files\Pics\SCI1.0\pic.011-ctl.bmp">
      <Filter>Resource Files</Filter>
    </Image>
    <Image Include="Files\Pics\SCI1.0\pic.011-pri.bmp">
      <Filter>Resource Files</Filter>
    </Image>
    <Image Include="Files\Pics\SCI1.0\pic.011-vis.bmp">
      <Filter>Resource Files</Filter>
    </Image>
    <Image Include="Files\Pics\SCI1.0\pic.030-ctl.bmp">
      <Filter>Resource Files</Filter>
    </Image>
    <Image Include="Files\Pics\SCI1.0\pic.030-pri.bmp">
      <Filter>Resource Files</Filter>
    </Image>
    <Image Include="Files\Pics\SCI1.0\pic.030-vis.bmp">
      <Filter>Resource Files</Filter>
    </Image>
    <Image Include="Files\Pics\SCI1.0\pic.531-ctl.bmp">
      <Filter>Resource Files</Filter>
    </Image>
    <Image Include="Files\Pics\SCI1.0\pic.531-pri.bmp">
      <Filter>Resource Files</Filter>
    </Image>
    <Image Include="Files\Pics\SCI1.0\pic.531-vis.bmp">
      <Filter>Resource Files</Filter>
    </Image>
    <Image Include="Files\Pics\SCI1.1\100.p56-ctl.bmp">
      <Filter>Resource Files</Filter>
    </Image>
    <Image Include="Files\Pics\SCI1.1\100.p56-pri.bmp">
      <Filter>Resource Files</Filter>
    </Image>
    <Image Include="Files\Pics\SCI1.1\100.p56-vis.bmp">
      <Filter>Resource Files</Filter>
    </Image>
    <Image Include="Files\Pics\SCI1.1\320.p56-ctl.bmp">
      <Filter>Resource Files</Filter>
    </Image>
    <Image Include="Files\Pics\SCI1.1\320.p56-pri.bmp">
      <Filter>Resource Files</Filter>
    </Image>
    <Image Include="Files\Pics\SCI1.1\320.p56-vis.bmp">
      <Filter>Resource Files</Filter>
    </Image>
    <Image Include="Files\Pics\SCI1.1\630.p56-ctl.bmp">
      <Filter>Resource Files</Filter>
    </Image>
    <Image Include="Files\Pics\SCI1.1\630.p56-pri.bmp">
      <Filter>Resource Files</Filter>
    </Image>
    <Image Include="Files\Pics\SCI1.1\630.p56-vis.bmp">
      <Filter>Resource Files</Filter>
    </Image>
    <Image Include="Files\Pics\SCI1.1\860.p56-ctl.bmp">
      <Filter>Resource Files</Filter>
    </Image>
    <Image Include="Files\Pics\SCI1.1\860.p56-pri.bmp">
      <Filter>Resource Files</Filter>
    </Image>
    <Image Include="Files\Pics\SCI1.1\860.p56-vis.bmp">
      <Filter>Resource Files</Filter>
    </Image>
    <Image Include="Files\Pics\SCI2\220.p56-pri.bmp">
      <Filter>Resource Files</Filter>
    </Image>
    <Image Include="Files\Pics\SCI2\220.p56-vis.bmp">
      <Filter>Resource Files</Filter>
    </Image>
    <Image Include="Files\Pics\SCI2\901.p56-pri.bmp">
      <Filter>Resource Files</Filter>
    </Image>
    <Image Include="Files\Pics\SCI2\901.p56-vis.bmp">
      <Filter>Resource Files</Filter>
    </Image>
    <Image Include="Files\Pics\SCI2\1150.p56-pri.bmp">
      <Filter>Resource Files</Filter>
    </Image>
    <Image Include="Files\Pics\SCI2\1150.p56-vis.bmp">
      <Filter>Resource Files</Filter>
    </Image>
    <Image Include="Files\Pics\SCI1.0\Early\pic.011-ctl.bmp">
      <Filter>Resource Files</Filter>
    </Image>
    <Image Include="Files\Pics\SCI1.0\Early\pic.011-pri.bmp">
      <Filter>Resource Files</Filter>
    </Image>
    <Image Include="Files\Pics\SCI1.0\Early\pic.011-vis.bmp">
      <Filter>Resource Files</Filter>
    </Image>
    <Image Include="Files\Pics\SCI1.0\Early\pic.030-ctl.bmp">
      <Filter>Resource Files</Filter>
    </Image>
    <Image Include="Files\Pics\SCI1.0\Early\pic.030-pri.bmp">
      <Filter>Resource Files</Filter>
    </Image>
    <Image Include="Files\Pics\SCI1.0\Early\pic.030-vis.bmp">
      <Filter>Resource Files</Filter>
    </Image>
    <Image Include="Files\Pics\SCI1.0\Early\pic.531-ctl.bmp">
      <Filter>Resource Files</Filter>
    </Image>
    <Image Include="Files\Pics\SCI1.0\Early\pic.531-pri.bmp">
      <Filter>Resource Files</Filter>
    </Image>
    <Image Include="Files\Pics\SCI1.0\Early\pic.531-vis.bmp">
      <Filter>Resource Files</Filter>
    </Image>
    <Image Include="Files\Pics\SCI1.0\EGA\pic.570-ctl.bmp">
      <Filter>Resource Files</Filter>
    </Image>
    <Image Include="Files\Pics\SCI1.0\EGA\pic.570-pri.bmp">
      <Filter>Resource Files</Filter>
    </Image>
    <Image Include="Files\Pics\SCI1.0\EGA\pic.570-vis.bmp">
      <Filter>Resource Files</Filter>
    </Image>
    <Image Include="Files\Pics\SCI1.0\Mid\33.p56-ctl.bmp">
      <Filter>Resource Files</Filter>
    </Image>
    <Image Include="Files\Pics\SCI1.0\Mid\33.p56-pri.bmp">
      <Filter>Resource Files</Filter>
    </Image>
    <Image Include="Files\Pics\SCI1.0\Mid\33.p56-vis.bmp">
      <Filter>Resource Files</Filter>
    </Image>
    <Image Include="Files\Pics\SCI1.0\Mid\160.p56-ctl.bmp">
      <Filter>Resource Files</Filter>
    </Image>
    <Image Include="Files\Pics\SCI1.0\Mid\160.p56-pri.bmp">
      <Filter>Resource Files</Filter>
    </Image>
    <Image Include="Files\Pics\SCI1.0\Mid\160.p56-vis.bmp">
      <Filter>Resource Files</Filter>
    </Image>
  </ItemGroup>
</Project>